// !$*UTF8*$!
{
	archiveVersion = 1;
	classes = {
	};
	objectVersion = 46;
	objects = {

/* Begin PBXFileReference section */
		D028EAFE13FFDF0800662391 /* __init__.py */ = {isa = PBXFileReference; lastKnownFileType = text.script.python; path = __init__.py; sourceTree = "<group>"; };
		D028EB0113FFDF0800662391 /* urls.py */ = {isa = PBXFileReference; lastKnownFileType = text.script.python; path = urls.py; sourceTree = "<group>"; };
		D028EB0613FFDFEC00662391 /* manage.py */ = {isa = PBXFileReference; lastKnownFileType = text.script.python; path = manage.py; sourceTree = "<group>"; };
		D028EB0713FFDFEF00662391 /* settings.py */ = {isa = PBXFileReference; lastKnownFileType = text.script.python; path = settings.py; sourceTree = "<group>"; };
		D028EB0813FFE14400662391 /* storyteller */ = {isa = PBXFileReference; lastKnownFileType = folder; path = storyteller; sourceTree = "<group>"; };
/* End PBXFileReference section */

/* Begin PBXGroup section */
		D028EAF513FFDEE500662391 = {
			isa = PBXGroup;
			children = (
				D028EB0813FFE14400662391 /* storyteller */,
				D028EAFE13FFDF0800662391 /* __init__.py */,
				D028EB0613FFDFEC00662391 /* manage.py */,
				D028EB0713FFDFEF00662391 /* settings.py */,
				D028EB0113FFDF0800662391 /* urls.py */,
			);
			sourceTree = "<group>";
		};
/* End PBXGroup section */

/* Begin PBXProject section */
		D028EAF713FFDEE500662391 /* Project object */ = {
			isa = PBXProject;
			buildConfigurationList = D028EAFA13FFDEE500662391 /* Build configuration list for PBXProject "huge" */;
			compatibilityVersion = "Xcode 3.2";
			developmentRegion = English;
			hasScannedForEncodings = 0;
			knownRegions = (
				en,
			);
			mainGroup = D028EAF513FFDEE500662391;
			projectDirPath = "";
			projectRoot = "";
			targets = (
			);
		};
/* End PBXProject section */

/* Begin XCBuildConfiguration section */
		D028EAFC13FFDEE500662391 /* Debug */ = {
			isa = XCBuildConfiguration;
			buildSettings = {
			};
			name = Debug;
		};
		D028EAFD13FFDEE500662391 /* Release */ = {
			isa = XCBuildConfiguration;
			buildSettings = {
			};
			name = Release;
		};
/* End XCBuildConfiguration section */

/* Begin XCConfigurationList section */
		D028EAFA13FFDEE500662391 /* Build configuration list for PBXProject "huge" */ = {
			isa = XCConfigurationList;
			buildConfigurations = (
				D028EAFC13FFDEE500662391 /* Debug */,
				D028EAFD13FFDEE500662391 /* Release */,
			);
			defaultConfigurationIsVisible = 0;
			defaultConfigurationName = Release;
		};
/* End XCConfigurationList section */
	};
	rootObject = D028EAF713FFDEE500662391 /* Project object */;
}
